{
  "name": "com.music-assistant.soundboard",
  "version": "1.0.0",
  "lockfileVersion": 3,
  "requires": true,
  "packages": {
    "": {
      "name": "com.music-assistant.soundboard",
      "version": "1.0.0",
      "license": "MIT",
      "dependencies": {
        "@elgato/streamdeck": "^2.0.1",
        "@elgato/utils": "^0.4.1",
        "chokidar": "^5.0.0"
      },
      "devDependencies": {
        "@types/node": "^25.0.3",
        "typescript": "^5.9.3"
      }
    },
    "node_modules/@elgato/schemas": {
      "version": "0.4.11",
      "resolved": "https://registry.npmjs.org/@elgato/schemas/-/schemas-0.4.11.tgz",
      "integrity": "sha512-gnuugyNBiDxYn0gcwqUoLtyWFtXu/jALfFV5P66oObIN7Q1q3Wor0M8YcOQaOKrAEyIyeRy5A2dyx9Do9X8i6w==",
      "license": "MIT"
    },
    "node_modules/@elgato/streamdeck": {
      "version": "2.0.1",
      "resolved": "https://registry.npmjs.org/@elgato/streamdeck/-/streamdeck-2.0.1.tgz",
      "integrity": "sha512-pt69kBa8A9BEGVLijuVAETkQa8P/uXizplfFe29d4A5gjaeIv8jlDl9Mw8Pkmwakez8ti0ye7v/psjEleqTlpQ==",
      "license": "MIT",
      "dependencies": {
        "@elgato/schemas": "^0.4.10",
        "@elgato/utils": "^0.4.1",
        "ws": "^8.18.0"
      },
      "engines": {
        "node": ">=20.5.1"
      }
    },
    "node_modules/@elgato/utils": {
      "version": "0.4.1",
      "resolved": "https://registry.npmjs.org/@elgato/utils/-/utils-0.4.1.tgz",
      "integrity": "sha512-Az66McfjYXajL7ZLud+SaO0n2+Q2RedVwxfRdkS1d5uyNiXf25KWOfdU2zS7un3H/d+a+lxdX7pFqiKTDf6/UA==",
      "license": "MIT",
      "dependencies": {
        "zod": "^3.25.24"
      }
    },
    "node_modules/@types/node": {
      "version": "25.0.3",
      "resolved": "https://registry.npmjs.org/@types/node/-/node-25.0.3.tgz",
      "integrity": "sha512-W609buLVRVmeW693xKfzHeIV6nJGGz98uCPfeXI1ELMLXVeKYZ9m15fAMSaUPBHYLGFsVRcMmSCksQOrZV9BYA==",
      "dev": true,
      "license": "MIT",
      "dependencies": {
        "undici-types": "~7.16.0"
      }
    },
    "node_modules/chokidar": {
      "version": "5.0.0",
      "resolved": "https://registry.npmjs.org/chokidar/-/chokidar-5.0.0.tgz",
      "integrity": "sha512-TQMmc3w+5AxjpL8iIiwebF73dRDF4fBIieAqGn9RGCWaEVwQ6Fb2cGe31Yns0RRIzii5goJ1Y7xbMwo1TxMplw==",
      "license": "MIT",
      "dependencies": {
        "readdirp": "^5.0.0"
      },
      "engines": {
        "node": ">= 20.19.0"
      },
      "funding": {
        "url": "https://paulmillr.com/funding/"
      }
    },
    "node_modules/readdirp": {
      "version": "5.0.0",
      "resolved": "https://registry.npmjs.org/readdirp/-/readdirp-5.0.0.tgz",
      "integrity": "sha512-9u/XQ1pvrQtYyMpZe7DXKv2p5CNvyVwzUB6uhLAnQwHMSgKMBR62lc7AHljaeteeHXn11XTAaLLUVZYVZyuRBQ==",
      "license": "MIT",
      "engines": {
        "node": ">= 20.19.0"
      },
      "funding": {
        "type": "individual",
        "url": "https://paulmillr.com/funding/"
      }
    },
    "node_modules/typescript": {
      "version": "5.9.3",
      "resolved": "https://registry.npmjs.org/typescript/-/typescript-5.9.3.tgz",
      "integrity": "sha512-jl1vZzPDinLr9eUt3J/t7V6FgNEw9QjvBPdysz9KfQDD41fQrC2Y4vKQdiaUpFT4bXlb1RHhLpp8wtm6M5TgSw==",
      "dev": true,
      "license": "Apache-2.0",
      "bin": {
        "tsc": "bin/tsc",
        "tsserver": "bin/tsserver"
      },
      "engines": {
        "node": ">=14.17"
      }
    },
    "node_modules/undici-types": {
      "version": "7.16.0",
      "resolved": "https://registry.npmjs.org/undici-types/-/undici-types-7.16.0.tgz",
      "integrity": "sha512-Zz+aZWSj8LE6zoxD+xrjh4VfkIG8Ya6LvYkZqtUQGJPZjYl53ypCaUwWqo7eI0x66KBGeRo+mlBEkMSeSZ38Nw==",
      "dev": true,
      "license": "MIT"
    },
    "node_modules/ws": {
      "version": "8.19.0",
      "resolved": "https://registry.npmjs.org/ws/-/ws-8.19.0.tgz",
      "integrity": "sha512-blAT2mjOEIi0ZzruJfIhb3nps74PRWTCz1IjglWEEpQl5XS/UNama6u2/rjFkDDouqr4L67ry+1aGIALViWjDg==",
      "license": "MIT",
      "engines": {
        "node": ">=10.0.0"
      },
      "peerDependencies": {
        "bufferutil": "^4.0.1",
        "utf-8-validate": ">=5.0.2"
      },
      "peerDependenciesMeta": {
        "bufferutil": {
          "optional": true
        },
        "utf-8-validate": {
          "optional": true
        }
      }
    },
    "node_modules/zod": {
      "version": "3.25.76",
      "resolved": "https://registry.npmjs.org/zod/-/zod-3.25.76.tgz",
      "integrity": "sha512-gzUt/qt81nXsFGKIFcC3YnfEAx5NkunCfnDlvuBSSFS02bcXu4Lmea0AFIUwbLWxWPx3d9p8S5QoaujKcNQxcQ==",
      "license": "MIT",
      "funding": {
        "url": "https://github.com/sponsors/colinhacks"
      }
    }
  }
}
